
Microsoft Visual Studio Solution File, Format Version 12.00
# Visual Studio Version 16
VisualStudioVersion = 16.0.29806.167
MinimumVisualStudioVersion = 10.0.40219.1
Project("{FAE04EC0-301F-11D3-BF4B-00C04F79EFBC}") = "objekturientierung_1", "objekturientierung_1.csproj", "{CB06D9C4-58B4-4FD0-8AA6-48DC18FB9273}"
EndProject
Global
	GlobalSection(SolutionConfigurationPlatforms) = preSolution
		Debug|Any CPU = Debug|Any CPU
		Release|Any CPU = Release|Any CPU
	EndGlobalSection
	GlobalSection(ProjectConfigurationPlatforms) = postSolution
		{CB06D9C4-58B4-4FD0-8AA6-48DC18FB9273}.Debug|Any CPU.ActiveCfg = Debug|Any CPU
		{CB06D9C4-58B4-4FD0-8AA6-48DC18FB9273}.Debug|Any CPU.Build.0 = Debug|Any CPU
		{CB06D9C4-58B4-4FD0-8AA6-48DC18FB9273}.Release|Any CPU.ActiveCfg = Release|Any CPU
		{CB06D9C4-58B4-4FD0-8AA6-48DC18FB9273}.Release|Any CPU.Build.0 = Release|Any CPU
	EndGlobalSection
	GlobalSection(SolutionProperties) = preSolution
		HideSolutionNode = FALSE
	EndGlobalSection
	GlobalSection(ExtensibilityGlobals) = postSolution
		SolutionGuid = {3DA47A62-431C-45EA-B1BF-9E60C6E3D150}
	EndGlobalSection
EndGlobal
